// !$*UTF8*$!
{
	archiveVersion = 1;
	classes = {
	};
	objectVersion = 46;
	objects = {

/* Begin PBXBuildFile section */
		4607E45A1E1A92A000B31376 /* AppDelegate.swift in Sources */ = {isa = PBXBuildFile; fileRef = 4607E4591E1A92A000B31376 /* AppDelegate.swift */; };
		4607E4641E1A92A000B31376 /* LaunchScreen.storyboard in Resources */ = {isa = PBXBuildFile; fileRef = 4607E4621E1A92A000B31376 /* LaunchScreen.storyboard */; };
		4607E46C1E1A92CD00B31376 /* ViewController.swift in Sources */ = {isa = PBXBuildFile; fileRef = 4607E46B1E1A92CD00B31376 /* ViewController.swift */; };
		4607E46E1E1A930200B31376 /* Main.storyboard in Resources */ = {isa = PBXBuildFile; fileRef = 4607E46D1E1A930200B31376 /* Main.storyboard */; };
		4607E4701E1A932F00B31376 /* Assets.xcassets in Resources */ = {isa = PBXBuildFile; fileRef = 4607E46F1E1A932F00B31376 /* Assets.xcassets */; };
/* End PBXBuildFile section */

/* Begin PBXFileReference section */
		4607E4561E1A929F00B31376 /* AutoLayout-1.app */ = {isa = PBXFileReference; explicitFileType = wrapper.application; includeInIndex = 0; path = "AutoLayout-1.app"; sourceTree = BUILT_PRODUCTS_DIR; };
		4607E4591E1A92A000B31376 /* AppDelegate.swift */ = {isa = PBXFileReference; lastKnownFileType = sourcecode.swift; path = AppDelegate.swift; sourceTree = "<group>"; };
		4607E4631E1A92A000B31376 /* Base */ = {isa = PBXFileReference; lastKnownFileType = file.storyboard; name = Base; path = Base.lproj/LaunchScreen.storyboard; sourceTree = "<group>"; };
		4607E4651E1A92A000B31376 /* Info.plist */ = {isa = PBXFileReference; lastKnownFileType = text.plist.xml; path = Info.plist; sourceTree = "<group>"; };
		4607E46B1E1A92CD00B31376 /* ViewController.swift */ = {isa = PBXFileReference; fileEncoding = 4; lastKnownFileType = sourcecode.swift; path = ViewController.swift; sourceTree = "<group>"; };
		4607E46D1E1A930200B31376 /* Main.storyboard */ = {isa = PBXFileReference; fileEncoding = 4; lastKnownFileType = file.storyboard; path = Main.storyboard; sourceTree = "<group>"; };
		4607E46F1E1A932F00B31376 /* Assets.xcassets */ = {isa = PBXFileReference; lastKnownFileType = folder.assetcatalog; path = Assets.xcassets; sourceTree = "<group>"; };
/* End PBXFileReference section */

/* Begin PBXFrameworksBuildPhase section */
		4607E4531E1A929F00B31376 /* Frameworks */ = {
			isa = PBXFrameworksBuildPhase;
			buildActionMask = 2147483647;
			files = (
			);
			runOnlyForDeploymentPostprocessing = 0;
		};
/* End PBXFrameworksBuildPhase section */

/* Begin PBXGroup section */
		4607E44D1E1A929F00B31376 = {
			isa = PBXGroup;
			children = (
				4607E4581E1A929F00B31376 /* AutoLayout-1 */,
				4607E4571E1A929F00B31376 /* Products */,
			);
			sourceTree = "<group>";
		};
		4607E4571E1A929F00B31376 /* Products */ = {
			isa = PBXGroup;
			children = (
				4607E4561E1A929F00B31376 /* AutoLayout-1.app */,
			);
			name = Products;
			sourceTree = "<group>";
		};
		4607E4581E1A929F00B31376 /* AutoLayout-1 */ = {
			isa = PBXGroup;
			children = (
				4607E4591E1A92A000B31376 /* AppDelegate.swift */,
				4607E46B1E1A92CD00B31376 /* ViewController.swift */,
				4607E46F1E1A932F00B31376 /* Assets.xcassets */,
				4607E46D1E1A930200B31376 /* Main.storyboard */,
				4607E4621E1A92A000B31376 /* LaunchScreen.storyboard */,
				4607E4651E1A92A000B31376 /* Info.plist */,
			);
			path = "AutoLayout-1";
			sourceTree = "<group>";
		};
/* End PBXGroup section */

/* Begin PBXNativeTarget section */
		4607E4551E1A929F00B31376 /* AutoLayout-1 */ = {
			isa = PBXNativeTarget;
			buildConfigurationList = 4607E4681E1A92A000B31376 /* Build configuration list for PBXNativeTarget "AutoLayout-1" */;
			buildPhases = (
				4607E4521E1A929F00B31376 /* Sources */,
				4607E4531E1A929F00B31376 /* Frameworks */,
				4607E4541E1A929F00B31376 /* Resources */,
			);
			buildRules = (
			);
			dependencies = (
			);
			name = "AutoLayout-1";
			productName = "AutoLayout-1";
			productReference = 4607E4561E1A929F00B31376 /* AutoLayout-1.app */;
			productType = "com.apple.product-type.application";
		};
/* End PBXNativeTarget section */

/* Begin PBXProject section */
		4607E44E1E1A929F00B31376 /* Project object */ = {
			isa = PBXProject;
			attributes = {
				LastSwiftUpdateCheck = 0810;
				LastUpgradeCheck = 0810;
				ORGANIZATIONNAME = jaxer;
				TargetAttributes = {
					4607E4551E1A929F00B31376 = {
						CreatedOnToolsVersion = 8.1;
						ProvisioningStyle = Automatic;
					};
				};
			};
			buildConfigurationList = 4607E4511E1A929F00B31376 /* Build configuration list for PBXProject "AutoLayout-1" */;
			compatibilityVersion = "Xcode 3.2";
			developmentRegion = English;
			hasScannedForEncodings = 0;
			knownRegions = (
				en,
				Base,
			);
			mainGroup = 4607E44D1E1A929F00B31376;
			productRefGroup = 4607E4571E1A929F00B31376 /* Products */;
			projectDirPath = "";
			projectRoot = "";
			targets = (
				4607E4551E1A929F00B31376 /* AutoLayout-1 */,
			);
		};
/* End PBXProject section */

/* Begin PBXResourcesBuildPhase section */
		4607E4541E1A929F00B31376 /* Resources */ = {
			isa = PBXResourcesBuildPhase;
			buildActionMask = 2147483647;
			files = (
				4607E46E1E1A930200B31376 /* Main.storyboard in Resources */,
				4607E4701E1A932F00B31376 /* Assets.xcassets in Resources */,
				4607E4641E1A92A000B31376 /* LaunchScreen.storyboard in Resources */,
			);
			runOnlyForDeploymentPostprocessing = 0;
		};
/* End PBXResourcesBuildPhase section */

/* Begin PBXSourcesBuildPhase section */
		4607E4521E1A929F00B31376 /* Sources */ = {
			isa = PBXSourcesBuildPhase;
			buildActionMask = 2147483647;
			files = (
				4607E46C1E1A92CD00B31376 /* ViewController.swift in Sources */,
				4607E45A1E1A92A000B31376 /* AppDelegate.swift in Sources */,
			);
			runOnlyForDeploymentPostprocessing = 0;
		};
/* End PBXSourcesBuildPhase section */

/* Begin PBXVariantGroup section */
		4607E4621E1A92A000B31376 /* LaunchScreen.storyboard */ = {
			isa = PBXVariantGroup;
			children = (
				4607E4631E1A92A000B31376 /* Base */,
			);
			name = LaunchScreen.storyboard;
			sourceTree = "<group>";
		};
/* End PBXVariantGroup section */

/* Begin XCBuildConfiguration section */
		4607E4661E1A92A000B31376 /* Debug */ = {
			isa = XCBuildConfiguration;
			buildSettings = {
				ALWAYS_SEARCH_USER_PATHS = NO;
				CLANG_ANALYZER_NONNULL = YES;
				CLANG_CXX_LANGUAGE_STANDARD = "gnu++0x";
				CLANG_CXX_LIBRARY = "libc++";
				CLANG_ENABLE_MODULES = YES;
				CLANG_ENABLE_OBJC_ARC = YES;
				CLANG_WARN_BOOL_CONVERSION = YES;
				CLANG_WARN_CONSTANT_CONVERSION = YES;
				CLANG_WARN_DIRECT_OBJC_ISA_USAGE = YES_ERROR;
				CLANG_WARN_DOCUMENTATION_COMMENTS = YES;
				CLANG_WARN_EMPTY_BODY = YES;
				CLANG_WARN_ENUM_CONVERSION = YES;
				CLANG_WARN_INFINITE_RECURSION = YES;
				CLANG_WARN_INT_CONVERSION = YES;
				CLANG_WARN_OBJC_ROOT_CLASS = YES_ERROR;
				CLANG_WARN_SUSPICIOUS_MOVES = YES;
				CLANG_WARN_UNREACHABLE_CODE = YES;
				CLANG_WARN__DUPLICATE_METHOD_MATCH = YES;
				"CODE_SIGN_IDENTITY[sdk=iphoneos*]" = "iPhone Developer";
				COPY_PHASE_STRIP = NO;
				DEBUG_INFORMATION_FORMAT = dwarf;
				ENABLE_STRICT_OBJC_MSGSEND = YES;
				ENABLE_TESTABILITY = YES;
				GCC_C_LANGUAGE_STANDARD = gnu99;
				GCC_DYNAMIC_NO_PIC = NO;
				GCC_NO_COMMON_BLOCKS = YES;
				GCC_OPTIMIZATION_LEVEL = 0;
				GCC_PREPROCESSOR_DEFINITIONS = (
					"DEBUG=1",
					"$(inherited)",
				);
				GCC_WARN_64_TO_32_BIT_CONVERSION = YES;
				GCC_WARN_ABOUT_RETURN_TYPE = YES_ERROR;
				GCC_WARN_UNDECLARED_SELECTOR = YES;
				GCC_WARN_UNINITIALIZED_AUTOS = YES_AGGRESSIVE;
				GCC_WARN_UNUSED_FUNCTION = YES;
				GCC_WARN_UNUSED_VARIABLE = YES;
				IPHONEOS_DEPLOYMENT_TARGET = 10.1;
				MTL_ENABLE_DEBUG_INFO = YES;
				ONLY_ACTIVE_ARCH = YES;
				SDKROOT = iphoneos;
				SWIFT_ACTIVE_COMPILATION_CONDITIONS = DEBUG;
				SWIFT_OPTIMIZATION_LEVEL = "-Onone";
			};
			name = Debug;
		};
		4607E4671E1A92A000B31376 /* Release */ = {
			isa = XCBuildConfiguration;
			buildSettings = {
				ALWAYS_SEARCH_USER_PATHS = NO;
				CLANG_ANALYZER_NONNULL = YES;
				CLANG_CXX_LANGUAGE_STANDARD = "gnu++0x";
				CLANG_CXX_LIBRARY = "libc++";
				CLANG_ENABLE_MODULES = YES;
				CLANG_ENABLE_OBJC_ARC = YES;
				CLANG_WARN_BOOL_CONVERSION = YES;
				CLANG_WARN_CONSTANT_CONVERSION = YES;
				CLANG_WARN_DIRECT_OBJC_ISA_USAGE = YES_ERROR;
				CLANG_WARN_DOCUMENTATION_COMMENTS = YES;
				CLANG_WARN_EMPTY_BODY = YES;
				CLANG_WARN_ENUM_CONVERSION = YES;
				CLANG_WARN_INFINITE_RECURSION = YES;
				CLANG_WARN_INT_CONVERSION = YES;
				CLANG_WARN_OBJC_ROOT_CLASS = YES_ERROR;
				CLANG_WARN_SUSPICIOUS_MOVES = YES;
				CLANG_WARN_UNREACHABLE_CODE = YES;
				CLANG_WARN__DUPLICATE_METHOD_MATCH = YES;
				"CODE_SIGN_IDENTITY[sdk=iphoneos*]" = "iPhone Developer";
				COPY_PHASE_STRIP = NO;
				DEBUG_INFORMATION_FORMAT = "dwarf-with-dsym";
				ENABLE_NS_ASSERTIONS = NO;
				ENABLE_STRICT_OBJC_MSGSEND = YES;
				GCC_C_LANGUAGE_STANDARD = gnu99;
				GCC_NO_COMMON_BLOCKS = YES;
				GCC_WARN_64_TO_32_BIT_CONVERSION = YES;
				GCC_WARN_ABOUT_RETURN_TYPE = YES_ERROR;
				GCC_WARN_UNDECLARED_SELECTOR = YES;
				GCC_WARN_UNINITIALIZED_AUTOS = YES_AGGRESSIVE;
				GCC_WARN_UNUSED_FUNCTION = YES;
				GCC_WARN_UNUSED_VARIABLE = YES;
				IPHONEOS_DEPLOYMENT_TARGET = 10.1;
				MTL_ENABLE_DEBUG_INFO = NO;
				SDKROOT = iphoneos;
				SWIFT_OPTIMIZATION_LEVEL = "-Owholemodule";
				VALIDATE_PRODUCT = YES;
			};
			name = Release;
		};
		4607E4691E1A92A000B31376 /* Debug */ = {
			isa = XCBuildConfiguration;
			buildSettings = {
				ASSETCATALOG_COMPILER_APPICON_NAME = AppIcon;
				INFOPLIST_FILE = "AutoLayout-1/Info.plist";
				LD_RUNPATH_SEARCH_PATHS = "$(inherited) @executable_path/Frameworks";
				PRODUCT_BUNDLE_IDENTIFIER = "com.jaxer.AutoLayout-1";
				PRODUCT_NAME = "$(TARGET_NAME)";
				SWIFT_VERSION = 3.0;
			};
			name = Debug;
		};
		4607E46A1E1A92A000B31376 /* Release */ = {
			isa = XCBuildConfiguration;
			buildSettings = {
				ASSETCATALOG_COMPILER_APPICON_NAME = AppIcon;
				INFOPLIST_FILE = "AutoLayout-1/Info.plist";
				LD_RUNPATH_SEARCH_PATHS = "$(inherited) @executable_path/Frameworks";
				PRODUCT_BUNDLE_IDENTIFIER = "com.jaxer.AutoLayout-1";
				PRODUCT_NAME = "$(TARGET_NAME)";
				SWIFT_VERSION = 3.0;
			};
			name = Release;
		};
/* End XCBuildConfiguration section */

/* Begin XCConfigurationList section */
		4607E4511E1A929F00B31376 /* Build configuration list for PBXProject "AutoLayout-1" */ = {
			isa = XCConfigurationList;
			buildConfigurations = (
				4607E4661E1A92A000B31376 /* Debug */,
				4607E4671E1A92A000B31376 /* Release */,
			);
			defaultConfigurationIsVisible = 0;
			defaultConfigurationName = Release;
		};
		4607E4681E1A92A000B31376 /* Build configuration list for PBXNativeTarget "AutoLayout-1" */ = {
			isa = XCConfigurationList;
			buildConfigurations = (
				4607E4691E1A92A000B31376 /* Debug */,
				4607E46A1E1A92A000B31376 /* Release */,
			);
			defaultConfigurationIsVisible = 0;
		};
/* End XCConfigurationList section */
	};
	rootObject = 4607E44E1E1A929F00B31376 /* Project object */;
}
