// !$*UTF8*$!
{
	archiveVersion = 1;
	classes = {
	};
	objectVersion = 46;
	objects = {

/* Begin PBXBuildFile section */
		46B1D54C1E02434700501A8F /* AppDelegate.swift in Sources */ = {isa = PBXBuildFile; fileRef = 46B1D54B1E02434700501A8F /* AppDelegate.swift */; };
		46B1D54E1E02434700501A8F /* ViewController.swift in Sources */ = {isa = PBXBuildFile; fileRef = 46B1D54D1E02434700501A8F /* ViewController.swift */; };
		46B1D5511E02434700501A8F /* Main.storyboard in Resources */ = {isa = PBXBuildFile; fileRef = 46B1D54F1E02434700501A8F /* Main.storyboard */; };
		46B1D5531E02434700501A8F /* Assets.xcassets in Resources */ = {isa = PBXBuildFile; fileRef = 46B1D5521E02434700501A8F /* Assets.xcassets */; };
		46B1D5561E02434700501A8F /* LaunchScreen.storyboard in Resources */ = {isa = PBXBuildFile; fileRef = 46B1D5541E02434700501A8F /* LaunchScreen.storyboard */; };
/* End PBXBuildFile section */

/* Begin PBXFileReference section */
		46B1D5481E02434700501A8F /* GuessFlag.app */ = {isa = PBXFileReference; explicitFileType = wrapper.application; includeInIndex = 0; path = GuessFlag.app; sourceTree = BUILT_PRODUCTS_DIR; };
		46B1D54B1E02434700501A8F /* AppDelegate.swift */ = {isa = PBXFileReference; lastKnownFileType = sourcecode.swift; path = AppDelegate.swift; sourceTree = "<group>"; };
		46B1D54D1E02434700501A8F /* ViewController.swift */ = {isa = PBXFileReference; lastKnownFileType = sourcecode.swift; path = ViewController.swift; sourceTree = "<group>"; };
		46B1D5501E02434700501A8F /* Base */ = {isa = PBXFileReference; lastKnownFileType = file.storyboard; name = Base; path = Base.lproj/Main.storyboard; sourceTree = "<group>"; };
		46B1D5521E02434700501A8F /* Assets.xcassets */ = {isa = PBXFileReference; lastKnownFileType = folder.assetcatalog; path = Assets.xcassets; sourceTree = "<group>"; };
		46B1D5551E02434700501A8F /* Base */ = {isa = PBXFileReference; lastKnownFileType = file.storyboard; name = Base; path = Base.lproj/LaunchScreen.storyboard; sourceTree = "<group>"; };
		46B1D5571E02434700501A8F /* Info.plist */ = {isa = PBXFileReference; lastKnownFileType = text.plist.xml; path = Info.plist; sourceTree = "<group>"; };
/* End PBXFileReference section */

/* Begin PBXFrameworksBuildPhase section */
		46B1D5451E02434700501A8F /* Frameworks */ = {
			isa = PBXFrameworksBuildPhase;
			buildActionMask = 2147483647;
			files = (
			);
			runOnlyForDeploymentPostprocessing = 0;
		};
/* End PBXFrameworksBuildPhase section */

/* Begin PBXGroup section */
		46B1D53F1E02434600501A8F = {
			isa = PBXGroup;
			children = (
				46B1D54A1E02434700501A8F /* GuessFlag */,
				46B1D5491E02434700501A8F /* Products */,
			);
			sourceTree = "<group>";
		};
		46B1D5491E02434700501A8F /* Products */ = {
			isa = PBXGroup;
			children = (
				46B1D5481E02434700501A8F /* GuessFlag.app */,
			);
			name = Products;
			sourceTree = "<group>";
		};
		46B1D54A1E02434700501A8F /* GuessFlag */ = {
			isa = PBXGroup;
			children = (
				46B1D54B1E02434700501A8F /* AppDelegate.swift */,
				46B1D54D1E02434700501A8F /* ViewController.swift */,
				46B1D54F1E02434700501A8F /* Main.storyboard */,
				46B1D5521E02434700501A8F /* Assets.xcassets */,
				46B1D5541E02434700501A8F /* LaunchScreen.storyboard */,
				46B1D5571E02434700501A8F /* Info.plist */,
			);
			path = GuessFlag;
			sourceTree = "<group>";
		};
/* End PBXGroup section */

/* Begin PBXNativeTarget section */
		46B1D5471E02434700501A8F /* GuessFlag */ = {
			isa = PBXNativeTarget;
			buildConfigurationList = 46B1D55A1E02434700501A8F /* Build configuration list for PBXNativeTarget "GuessFlag" */;
			buildPhases = (
				46B1D5441E02434700501A8F /* Sources */,
				46B1D5451E02434700501A8F /* Frameworks */,
				46B1D5461E02434700501A8F /* Resources */,
			);
			buildRules = (
			);
			dependencies = (
			);
			name = GuessFlag;
			productName = GuessFlag;
			productReference = 46B1D5481E02434700501A8F /* GuessFlag.app */;
			productType = "com.apple.product-type.application";
		};
/* End PBXNativeTarget section */

/* Begin PBXProject section */
		46B1D5401E02434600501A8F /* Project object */ = {
			isa = PBXProject;
			attributes = {
				LastSwiftUpdateCheck = 0810;
				LastUpgradeCheck = 0810;
				ORGANIZATIONNAME = jaxer;
				TargetAttributes = {
					46B1D5471E02434700501A8F = {
						CreatedOnToolsVersion = 8.1;
						ProvisioningStyle = Automatic;
					};
				};
			};
			buildConfigurationList = 46B1D5431E02434600501A8F /* Build configuration list for PBXProject "GuessFlag" */;
			compatibilityVersion = "Xcode 3.2";
			developmentRegion = English;
			hasScannedForEncodings = 0;
			knownRegions = (
				en,
				Base,
			);
			mainGroup = 46B1D53F1E02434600501A8F;
			productRefGroup = 46B1D5491E02434700501A8F /* Products */;
			projectDirPath = "";
			projectRoot = "";
			targets = (
				46B1D5471E02434700501A8F /* GuessFlag */,
			);
		};
/* End PBXProject section */

/* Begin PBXResourcesBuildPhase section */
		46B1D5461E02434700501A8F /* Resources */ = {
			isa = PBXResourcesBuildPhase;
			buildActionMask = 2147483647;
			files = (
				46B1D5561E02434700501A8F /* LaunchScreen.storyboard in Resources */,
				46B1D5531E02434700501A8F /* Assets.xcassets in Resources */,
				46B1D5511E02434700501A8F /* Main.storyboard in Resources */,
			);
			runOnlyForDeploymentPostprocessing = 0;
		};
/* End PBXResourcesBuildPhase section */

/* Begin PBXSourcesBuildPhase section */
		46B1D5441E02434700501A8F /* Sources */ = {
			isa = PBXSourcesBuildPhase;
			buildActionMask = 2147483647;
			files = (
				46B1D54E1E02434700501A8F /* ViewController.swift in Sources */,
				46B1D54C1E02434700501A8F /* AppDelegate.swift in Sources */,
			);
			runOnlyForDeploymentPostprocessing = 0;
		};
/* End PBXSourcesBuildPhase section */

/* Begin PBXVariantGroup section */
		46B1D54F1E02434700501A8F /* Main.storyboard */ = {
			isa = PBXVariantGroup;
			children = (
				46B1D5501E02434700501A8F /* Base */,
			);
			name = Main.storyboard;
			sourceTree = "<group>";
		};
		46B1D5541E02434700501A8F /* LaunchScreen.storyboard */ = {
			isa = PBXVariantGroup;
			children = (
				46B1D5551E02434700501A8F /* Base */,
			);
			name = LaunchScreen.storyboard;
			sourceTree = "<group>";
		};
/* End PBXVariantGroup section */

/* Begin XCBuildConfiguration section */
		46B1D5581E02434700501A8F /* Debug */ = {
			isa = XCBuildConfiguration;
			buildSettings = {
				ALWAYS_SEARCH_USER_PATHS = NO;
				CLANG_ANALYZER_NONNULL = YES;
				CLANG_CXX_LANGUAGE_STANDARD = "gnu++0x";
				CLANG_CXX_LIBRARY = "libc++";
				CLANG_ENABLE_MODULES = YES;
				CLANG_ENABLE_OBJC_ARC = YES;
				CLANG_WARN_BOOL_CONVERSION = YES;
				CLANG_WARN_CONSTANT_CONVERSION = YES;
				CLANG_WARN_DIRECT_OBJC_ISA_USAGE = YES_ERROR;
				CLANG_WARN_DOCUMENTATION_COMMENTS = YES;
				CLANG_WARN_EMPTY_BODY = YES;
				CLANG_WARN_ENUM_CONVERSION = YES;
				CLANG_WARN_INFINITE_RECURSION = YES;
				CLANG_WARN_INT_CONVERSION = YES;
				CLANG_WARN_OBJC_ROOT_CLASS = YES_ERROR;
				CLANG_WARN_SUSPICIOUS_MOVES = YES;
				CLANG_WARN_UNREACHABLE_CODE = YES;
				CLANG_WARN__DUPLICATE_METHOD_MATCH = YES;
				"CODE_SIGN_IDENTITY[sdk=iphoneos*]" = "iPhone Developer";
				COPY_PHASE_STRIP = NO;
				DEBUG_INFORMATION_FORMAT = dwarf;
				ENABLE_STRICT_OBJC_MSGSEND = YES;
				ENABLE_TESTABILITY = YES;
				GCC_C_LANGUAGE_STANDARD = gnu99;
				GCC_DYNAMIC_NO_PIC = NO;
				GCC_NO_COMMON_BLOCKS = YES;
				GCC_OPTIMIZATION_LEVEL = 0;
				GCC_PREPROCESSOR_DEFINITIONS = (
					"DEBUG=1",
					"$(inherited)",
				);
				GCC_WARN_64_TO_32_BIT_CONVERSION = YES;
				GCC_WARN_ABOUT_RETURN_TYPE = YES_ERROR;
				GCC_WARN_UNDECLARED_SELECTOR = YES;
				GCC_WARN_UNINITIALIZED_AUTOS = YES_AGGRESSIVE;
				GCC_WARN_UNUSED_FUNCTION = YES;
				GCC_WARN_UNUSED_VARIABLE = YES;
				IPHONEOS_DEPLOYMENT_TARGET = 10.1;
				MTL_ENABLE_DEBUG_INFO = YES;
				ONLY_ACTIVE_ARCH = YES;
				SDKROOT = iphoneos;
				SWIFT_ACTIVE_COMPILATION_CONDITIONS = DEBUG;
				SWIFT_OPTIMIZATION_LEVEL = "-Onone";
			};
			name = Debug;
		};
		46B1D5591E02434700501A8F /* Release */ = {
			isa = XCBuildConfiguration;
			buildSettings = {
				ALWAYS_SEARCH_USER_PATHS = NO;
				CLANG_ANALYZER_NONNULL = YES;
				CLANG_CXX_LANGUAGE_STANDARD = "gnu++0x";
				CLANG_CXX_LIBRARY = "libc++";
				CLANG_ENABLE_MODULES = YES;
				CLANG_ENABLE_OBJC_ARC = YES;
				CLANG_WARN_BOOL_CONVERSION = YES;
				CLANG_WARN_CONSTANT_CONVERSION = YES;
				CLANG_WARN_DIRECT_OBJC_ISA_USAGE = YES_ERROR;
				CLANG_WARN_DOCUMENTATION_COMMENTS = YES;
				CLANG_WARN_EMPTY_BODY = YES;
				CLANG_WARN_ENUM_CONVERSION = YES;
				CLANG_WARN_INFINITE_RECURSION = YES;
				CLANG_WARN_INT_CONVERSION = YES;
				CLANG_WARN_OBJC_ROOT_CLASS = YES_ERROR;
				CLANG_WARN_SUSPICIOUS_MOVES = YES;
				CLANG_WARN_UNREACHABLE_CODE = YES;
				CLANG_WARN__DUPLICATE_METHOD_MATCH = YES;
				"CODE_SIGN_IDENTITY[sdk=iphoneos*]" = "iPhone Developer";
				COPY_PHASE_STRIP = NO;
				DEBUG_INFORMATION_FORMAT = "dwarf-with-dsym";
				ENABLE_NS_ASSERTIONS = NO;
				ENABLE_STRICT_OBJC_MSGSEND = YES;
				GCC_C_LANGUAGE_STANDARD = gnu99;
				GCC_NO_COMMON_BLOCKS = YES;
				GCC_WARN_64_TO_32_BIT_CONVERSION = YES;
				GCC_WARN_ABOUT_RETURN_TYPE = YES_ERROR;
				GCC_WARN_UNDECLARED_SELECTOR = YES;
				GCC_WARN_UNINITIALIZED_AUTOS = YES_AGGRESSIVE;
				GCC_WARN_UNUSED_FUNCTION = YES;
				GCC_WARN_UNUSED_VARIABLE = YES;
				IPHONEOS_DEPLOYMENT_TARGET = 10.1;
				MTL_ENABLE_DEBUG_INFO = NO;
				SDKROOT = iphoneos;
				SWIFT_OPTIMIZATION_LEVEL = "-Owholemodule";
				VALIDATE_PRODUCT = YES;
			};
			name = Release;
		};
		46B1D55B1E02434700501A8F /* Debug */ = {
			isa = XCBuildConfiguration;
			buildSettings = {
				ASSETCATALOG_COMPILER_APPICON_NAME = AppIcon;
				INFOPLIST_FILE = GuessFlag/Info.plist;
				LD_RUNPATH_SEARCH_PATHS = "$(inherited) @executable_path/Frameworks";
				PRODUCT_BUNDLE_IDENTIFIER = com.jaxer.GuessFlag;
				PRODUCT_NAME = "$(TARGET_NAME)";
				SWIFT_VERSION = 3.0;
			};
			name = Debug;
		};
		46B1D55C1E02434700501A8F /* Release */ = {
			isa = XCBuildConfiguration;
			buildSettings = {
				ASSETCATALOG_COMPILER_APPICON_NAME = AppIcon;
				INFOPLIST_FILE = GuessFlag/Info.plist;
				LD_RUNPATH_SEARCH_PATHS = "$(inherited) @executable_path/Frameworks";
				PRODUCT_BUNDLE_IDENTIFIER = com.jaxer.GuessFlag;
				PRODUCT_NAME = "$(TARGET_NAME)";
				SWIFT_VERSION = 3.0;
			};
			name = Release;
		};
/* End XCBuildConfiguration section */

/* Begin XCConfigurationList section */
		46B1D5431E02434600501A8F /* Build configuration list for PBXProject "GuessFlag" */ = {
			isa = XCConfigurationList;
			buildConfigurations = (
				46B1D5581E02434700501A8F /* Debug */,
				46B1D5591E02434700501A8F /* Release */,
			);
			defaultConfigurationIsVisible = 0;
			defaultConfigurationName = Release;
		};
		46B1D55A1E02434700501A8F /* Build configuration list for PBXNativeTarget "GuessFlag" */ = {
			isa = XCConfigurationList;
			buildConfigurations = (
				46B1D55B1E02434700501A8F /* Debug */,
				46B1D55C1E02434700501A8F /* Release */,
			);
			defaultConfigurationIsVisible = 0;
		};
/* End XCConfigurationList section */
	};
	rootObject = 46B1D5401E02434600501A8F /* Project object */;
}
